
Microsoft Visual Studio Solution File, Format Version 11.00
# Visual Studio 2010
Project("{FAE04EC0-301F-11D3-BF4B-00C04F79EFBC}") = "CategorySearch", "CategorySearch\CategorySearch.csproj", "{B6A25CD1-FF64-4E7F-83A0-786ADDF8E0A1}"
EndProject
Global
	GlobalSection(SolutionConfigurationPlatforms) = preSolution
		Debug|Any CPU = Debug|Any CPU
		Release|Any CPU = Release|Any CPU
	EndGlobalSection
	GlobalSection(ProjectConfigurationPlatforms) = postSolution
		{B6A25CD1-FF64-4E7F-83A0-786ADDF8E0A1}.Debug|Any CPU.ActiveCfg = Debug|Any CPU
		{B6A25CD1-FF64-4E7F-83A0-786ADDF8E0A1}.Debug|Any CPU.Build.0 = Debug|Any CPU
		{B6A25CD1-FF64-4E7F-83A0-786ADDF8E0A1}.Release|Any CPU.ActiveCfg = Release|Any CPU
		{B6A25CD1-FF64-4E7F-83A0-786ADDF8E0A1}.Release|Any CPU.Build.0 = Release|Any CPU
	EndGlobalSection
	GlobalSection(SolutionProperties) = preSolution
		HideSolutionNode = FALSE
	EndGlobalSection
EndGlobal
